
Microsoft Visual Studio Solution File, Format Version 12.00
# Visual Studio Version 16
VisualStudioVersion = 16.0.30128.74
MinimumVisualStudioVersion = 10.0.40219.1
Project("{2150E333-8FDC-42A3-9474-1A3956D46DE8}") = "src", "src", "{1062C0F2-31F7-45B4-86C5-4988D9DFD832}"
EndProject
Project("{9A19103F-16F7-4668-BE54-9A1E7A4F7556}") = "Catalog.API", "src\Catalog\Catalog.API\Catalog.API.csproj", "{61996D3F-D71C-48DB-A4FC-F54C430E2036}"
EndProject
Project("{2150E333-8FDC-42A3-9474-1A3956D46DE8}") = "Catalog", "Catalog", "{595CAC76-C680-465C-8655-0F89782ED7B4}"
EndProject
Project("{E53339B2-1760-4266-BCC7-CA923CBCF16C}") = "docker-compose", "docker-compose.dcproj", "{D9B711D3-BA24-4150-B704-C03F35093258}"
EndProject
Project("{2150E333-8FDC-42A3-9474-1A3956D46DE8}") = "Basket", "Basket", "{893C4E95-98AA-4340-85D7-7640879FCF88}"
EndProject
Project("{9A19103F-16F7-4668-BE54-9A1E7A4F7556}") = "Basket.API", "src\Basket\Basket.API\Basket.API.csproj", "{31A56422-22C6-4F06-9EAF-368A0CAF351E}"
	ProjectSection(ProjectDependencies) = postProject
		{2C886697-9AA2-426F-806E-95C479CD1B19} = {2C886697-9AA2-426F-806E-95C479CD1B19}
	EndProjectSection
EndProject
Project("{2150E333-8FDC-42A3-9474-1A3956D46DE8}") = "Common", "Common", "{99EA9CCC-0E06-41AD-B078-08634DED313A}"
EndProject
Project("{9A19103F-16F7-4668-BE54-9A1E7A4F7556}") = "EventBusRabbitMQ", "src\Common\EventBusRabbitMQ\EventBusRabbitMQ.csproj", "{2C886697-9AA2-426F-806E-95C479CD1B19}"
EndProject
Project("{2150E333-8FDC-42A3-9474-1A3956D46DE8}") = "Ordering", "Ordering", "{EF306CBB-DB91-4C63-94B5-2CD86778E5DF}"
EndProject
Project("{9A19103F-16F7-4668-BE54-9A1E7A4F7556}") = "Ordering.API", "src\Ordering\Ordering.API\Ordering.API.csproj", "{FBD248D5-D5FA-4F35-98FD-A28581A6E851}"
	ProjectSection(ProjectDependencies) = postProject
		{2C886697-9AA2-426F-806E-95C479CD1B19} = {2C886697-9AA2-426F-806E-95C479CD1B19}
		{BFD421BB-8821-445E-8EA1-84E66F630B66} = {BFD421BB-8821-445E-8EA1-84E66F630B66}
		{9AA6F7FB-A2BD-4492-9FEC-4058CCB951D4} = {9AA6F7FB-A2BD-4492-9FEC-4058CCB951D4}
	EndProjectSection
EndProject
Project("{9A19103F-16F7-4668-BE54-9A1E7A4F7556}") = "Ordering.Core", "src\Ordering\Ordering.Core\Ordering.Core.csproj", "{9AA6F7FB-A2BD-4492-9FEC-4058CCB951D4}"
EndProject
Project("{9A19103F-16F7-4668-BE54-9A1E7A4F7556}") = "Ordering.Infrastructure", "src\Ordering\Ordering.Infrastructure\Ordering.Infrastructure.csproj", "{BFD421BB-8821-445E-8EA1-84E66F630B66}"
	ProjectSection(ProjectDependencies) = postProject
		{9AA6F7FB-A2BD-4492-9FEC-4058CCB951D4} = {9AA6F7FB-A2BD-4492-9FEC-4058CCB951D4}
	EndProjectSection
EndProject
Project("{2150E333-8FDC-42A3-9474-1A3956D46DE8}") = "APIGateway", "APIGateway", "{ACE4AF81-8E34-4F1E-A3BE-16FB8CAB2473}"
EndProject
Project("{9A19103F-16F7-4668-BE54-9A1E7A4F7556}") = "OcelotAPIGateway", "src\APIGateway\OcelotAPIGateway\OcelotAPIGateway.csproj", "{B8FBEB7A-CAE6-4CD5-8458-7AAEF5430DF2}"
EndProject
Project("{2150E333-8FDC-42A3-9474-1A3956D46DE8}") = "Web", "Web", "{BE72497B-EB59-4BF1-AAE6-0F289377DF54}"
EndProject
Project("{FAE04EC0-301F-11D3-BF4B-00C04F79EFBC}") = "ShoppingWeb", "src\Web\ShoppingWeb\ShoppingWeb.csproj", "{62541CE3-B905-4D33-9166-07841BCD202B}"
EndProject
Global
	GlobalSection(SolutionConfigurationPlatforms) = preSolution
		Debug|Any CPU = Debug|Any CPU
		Release|Any CPU = Release|Any CPU
	EndGlobalSection
	GlobalSection(ProjectConfigurationPlatforms) = postSolution
		{61996D3F-D71C-48DB-A4FC-F54C430E2036}.Debug|Any CPU.ActiveCfg = Debug|Any CPU
		{61996D3F-D71C-48DB-A4FC-F54C430E2036}.Debug|Any CPU.Build.0 = Debug|Any CPU
		{61996D3F-D71C-48DB-A4FC-F54C430E2036}.Release|Any CPU.ActiveCfg = Release|Any CPU
		{61996D3F-D71C-48DB-A4FC-F54C430E2036}.Release|Any CPU.Build.0 = Release|Any CPU
		{D9B711D3-BA24-4150-B704-C03F35093258}.Debug|Any CPU.ActiveCfg = Debug|Any CPU
		{D9B711D3-BA24-4150-B704-C03F35093258}.Debug|Any CPU.Build.0 = Debug|Any CPU
		{D9B711D3-BA24-4150-B704-C03F35093258}.Release|Any CPU.ActiveCfg = Release|Any CPU
		{D9B711D3-BA24-4150-B704-C03F35093258}.Release|Any CPU.Build.0 = Release|Any CPU
		{31A56422-22C6-4F06-9EAF-368A0CAF351E}.Debug|Any CPU.ActiveCfg = Debug|Any CPU
		{31A56422-22C6-4F06-9EAF-368A0CAF351E}.Debug|Any CPU.Build.0 = Debug|Any CPU
		{31A56422-22C6-4F06-9EAF-368A0CAF351E}.Release|Any CPU.ActiveCfg = Release|Any CPU
		{31A56422-22C6-4F06-9EAF-368A0CAF351E}.Release|Any CPU.Build.0 = Release|Any CPU
		{2C886697-9AA2-426F-806E-95C479CD1B19}.Debug|Any CPU.ActiveCfg = Debug|Any CPU
		{2C886697-9AA2-426F-806E-95C479CD1B19}.Debug|Any CPU.Build.0 = Debug|Any CPU
		{2C886697-9AA2-426F-806E-95C479CD1B19}.Release|Any CPU.ActiveCfg = Release|Any CPU
		{2C886697-9AA2-426F-806E-95C479CD1B19}.Release|Any CPU.Build.0 = Release|Any CPU
		{FBD248D5-D5FA-4F35-98FD-A28581A6E851}.Debug|Any CPU.ActiveCfg = Debug|Any CPU
		{FBD248D5-D5FA-4F35-98FD-A28581A6E851}.Debug|Any CPU.Build.0 = Debug|Any CPU
		{FBD248D5-D5FA-4F35-98FD-A28581A6E851}.Release|Any CPU.ActiveCfg = Release|Any CPU
		{FBD248D5-D5FA-4F35-98FD-A28581A6E851}.Release|Any CPU.Build.0 = Release|Any CPU
		{9AA6F7FB-A2BD-4492-9FEC-4058CCB951D4}.Debug|Any CPU.ActiveCfg = Debug|Any CPU
		{9AA6F7FB-A2BD-4492-9FEC-4058CCB951D4}.Debug|Any CPU.Build.0 = Debug|Any CPU
		{9AA6F7FB-A2BD-4492-9FEC-4058CCB951D4}.Release|Any CPU.ActiveCfg = Release|Any CPU
		{9AA6F7FB-A2BD-4492-9FEC-4058CCB951D4}.Release|Any CPU.Build.0 = Release|Any CPU
		{BFD421BB-8821-445E-8EA1-84E66F630B66}.Debug|Any CPU.ActiveCfg = Debug|Any CPU
		{BFD421BB-8821-445E-8EA1-84E66F630B66}.Debug|Any CPU.Build.0 = Debug|Any CPU
		{BFD421BB-8821-445E-8EA1-84E66F630B66}.Release|Any CPU.ActiveCfg = Release|Any CPU
		{BFD421BB-8821-445E-8EA1-84E66F630B66}.Release|Any CPU.Build.0 = Release|Any CPU
		{B8FBEB7A-CAE6-4CD5-8458-7AAEF5430DF2}.Debug|Any CPU.ActiveCfg = Debug|Any CPU
		{B8FBEB7A-CAE6-4CD5-8458-7AAEF5430DF2}.Debug|Any CPU.Build.0 = Debug|Any CPU
		{B8FBEB7A-CAE6-4CD5-8458-7AAEF5430DF2}.Release|Any CPU.ActiveCfg = Release|Any CPU
		{B8FBEB7A-CAE6-4CD5-8458-7AAEF5430DF2}.Release|Any CPU.Build.0 = Release|Any CPU
		{62541CE3-B905-4D33-9166-07841BCD202B}.Debug|Any CPU.ActiveCfg = Debug|Any CPU
		{62541CE3-B905-4D33-9166-07841BCD202B}.Debug|Any CPU.Build.0 = Debug|Any CPU
		{62541CE3-B905-4D33-9166-07841BCD202B}.Release|Any CPU.ActiveCfg = Release|Any CPU
		{62541CE3-B905-4D33-9166-07841BCD202B}.Release|Any CPU.Build.0 = Release|Any CPU
	EndGlobalSection
	GlobalSection(SolutionProperties) = preSolution
		HideSolutionNode = FALSE
	EndGlobalSection
	GlobalSection(NestedProjects) = preSolution
		{61996D3F-D71C-48DB-A4FC-F54C430E2036} = {595CAC76-C680-465C-8655-0F89782ED7B4}
		{595CAC76-C680-465C-8655-0F89782ED7B4} = {1062C0F2-31F7-45B4-86C5-4988D9DFD832}
		{893C4E95-98AA-4340-85D7-7640879FCF88} = {1062C0F2-31F7-45B4-86C5-4988D9DFD832}
		{31A56422-22C6-4F06-9EAF-368A0CAF351E} = {893C4E95-98AA-4340-85D7-7640879FCF88}
		{99EA9CCC-0E06-41AD-B078-08634DED313A} = {1062C0F2-31F7-45B4-86C5-4988D9DFD832}
		{2C886697-9AA2-426F-806E-95C479CD1B19} = {99EA9CCC-0E06-41AD-B078-08634DED313A}
		{EF306CBB-DB91-4C63-94B5-2CD86778E5DF} = {1062C0F2-31F7-45B4-86C5-4988D9DFD832}
		{FBD248D5-D5FA-4F35-98FD-A28581A6E851} = {EF306CBB-DB91-4C63-94B5-2CD86778E5DF}
		{9AA6F7FB-A2BD-4492-9FEC-4058CCB951D4} = {EF306CBB-DB91-4C63-94B5-2CD86778E5DF}
		{BFD421BB-8821-445E-8EA1-84E66F630B66} = {EF306CBB-DB91-4C63-94B5-2CD86778E5DF}
		{ACE4AF81-8E34-4F1E-A3BE-16FB8CAB2473} = {1062C0F2-31F7-45B4-86C5-4988D9DFD832}
		{B8FBEB7A-CAE6-4CD5-8458-7AAEF5430DF2} = {ACE4AF81-8E34-4F1E-A3BE-16FB8CAB2473}
		{BE72497B-EB59-4BF1-AAE6-0F289377DF54} = {1062C0F2-31F7-45B4-86C5-4988D9DFD832}
		{62541CE3-B905-4D33-9166-07841BCD202B} = {BE72497B-EB59-4BF1-AAE6-0F289377DF54}
	EndGlobalSection
	GlobalSection(ExtensibilityGlobals) = postSolution
		SolutionGuid = {05742F43-64F0-4AE5-9041-339231F7A911}
	EndGlobalSection
EndGlobal
